
Microsoft Visual Studio Solution File, Format Version 12.00
# Visual Studio Version 17
VisualStudioVersion = 17.13.35806.99 d17.13
MinimumVisualStudioVersion = 10.0.40219.1
Project("{FAE04EC0-301F-11D3-BF4B-00C04F79EFBC}") = "Business", "Business\Business.csproj", "{096D2823-323F-407D-9D16-223EDA44C753}"
EndProject
Project("{FAE04EC0-301F-11D3-BF4B-00C04F79EFBC}") = "Core", "Core\Core.csproj", "{C02B046A-A61C-43A7-877A-4BE2450D58F0}"
EndProject
Project("{FAE04EC0-301F-11D3-BF4B-00C04F79EFBC}") = "DataAccess", "DataAccess\DataAccess.csproj", "{73F02CE1-821C-4D8F-97BD-C626D057344B}"
EndProject
Project("{FAE04EC0-301F-11D3-BF4B-00C04F79EFBC}") = "Entities", "Entities\Entities.csproj", "{42EE042C-CC0C-477C-B1A6-20CA526111DB}"
EndProject
Project("{FAE04EC0-301F-11D3-BF4B-00C04F79EFBC}") = "WebAPI", "WebAPI\WebAPI.csproj", "{3A93D824-F1DD-45DA-A34D-618832C66894}"
EndProject
Global
	GlobalSection(SolutionConfigurationPlatforms) = preSolution
		Debug|Any CPU = Debug|Any CPU
		Release|Any CPU = Release|Any CPU
	EndGlobalSection
	GlobalSection(ProjectConfigurationPlatforms) = postSolution
		{096D2823-323F-407D-9D16-223EDA44C753}.Debug|Any CPU.ActiveCfg = Debug|Any CPU
		{096D2823-323F-407D-9D16-223EDA44C753}.Debug|Any CPU.Build.0 = Debug|Any CPU
		{096D2823-323F-407D-9D16-223EDA44C753}.Release|Any CPU.ActiveCfg = Release|Any CPU
		{096D2823-323F-407D-9D16-223EDA44C753}.Release|Any CPU.Build.0 = Release|Any CPU
		{C02B046A-A61C-43A7-877A-4BE2450D58F0}.Debug|Any CPU.ActiveCfg = Debug|Any CPU
		{C02B046A-A61C-43A7-877A-4BE2450D58F0}.Debug|Any CPU.Build.0 = Debug|Any CPU
		{C02B046A-A61C-43A7-877A-4BE2450D58F0}.Release|Any CPU.ActiveCfg = Release|Any CPU
		{C02B046A-A61C-43A7-877A-4BE2450D58F0}.Release|Any CPU.Build.0 = Release|Any CPU
		{73F02CE1-821C-4D8F-97BD-C626D057344B}.Debug|Any CPU.ActiveCfg = Debug|Any CPU
		{73F02CE1-821C-4D8F-97BD-C626D057344B}.Debug|Any CPU.Build.0 = Debug|Any CPU
		{73F02CE1-821C-4D8F-97BD-C626D057344B}.Release|Any CPU.ActiveCfg = Release|Any CPU
		{73F02CE1-821C-4D8F-97BD-C626D057344B}.Release|Any CPU.Build.0 = Release|Any CPU
		{42EE042C-CC0C-477C-B1A6-20CA526111DB}.Debug|Any CPU.ActiveCfg = Debug|Any CPU
		{42EE042C-CC0C-477C-B1A6-20CA526111DB}.Debug|Any CPU.Build.0 = Debug|Any CPU
		{42EE042C-CC0C-477C-B1A6-20CA526111DB}.Release|Any CPU.ActiveCfg = Release|Any CPU
		{42EE042C-CC0C-477C-B1A6-20CA526111DB}.Release|Any CPU.Build.0 = Release|Any CPU
		{3A93D824-F1DD-45DA-A34D-618832C66894}.Debug|Any CPU.ActiveCfg = Debug|Any CPU
		{3A93D824-F1DD-45DA-A34D-618832C66894}.Debug|Any CPU.Build.0 = Debug|Any CPU
		{3A93D824-F1DD-45DA-A34D-618832C66894}.Release|Any CPU.ActiveCfg = Release|Any CPU
		{3A93D824-F1DD-45DA-A34D-618832C66894}.Release|Any CPU.Build.0 = Release|Any CPU
	EndGlobalSection
	GlobalSection(SolutionProperties) = preSolution
		HideSolutionNode = FALSE
	EndGlobalSection
	GlobalSection(ExtensibilityGlobals) = postSolution
		SolutionGuid = {887628BB-D3BE-48C6-9637-10FCDD7BBAD0}
	EndGlobalSection
EndGlobal
